
Microsoft Visual Studio Solution File, Format Version 12.00
# Visual Studio 15
VisualStudioVersion = 15.0.28307.1622
MinimumVisualStudioVersion = 10.0.40219.1
Project("{9A19103F-16F7-4668-BE54-9A1E7A4F7556}") = "BloodManagement", "BloodManagement\BloodManagement.csproj", "{BE942233-8E15-4762-9779-812BE60087D5}"
EndProject
Project("{9A19103F-16F7-4668-BE54-9A1E7A4F7556}") = "BloodManagement.Model", "BloodManagement.Model\BloodManagement.Model.csproj", "{B6CF92EB-26D1-4A3D-BA71-E7E0D47030D4}"
EndProject
Project("{9A19103F-16F7-4668-BE54-9A1E7A4F7556}") = "BloodManagement.Repository", "BloodManagement.Repository\BloodManagement.Repository.csproj", "{02049E56-B776-4560-9B55-4AE0F8A38FD2}"
EndProject
Project("{9A19103F-16F7-4668-BE54-9A1E7A4F7556}") = "BloodManagement.IRepository", "IRepository\BloodManagement.IRepository.csproj", "{C567EF97-0FBD-4480-BFED-583F6966BE54}"
EndProject
Project("{9A19103F-16F7-4668-BE54-9A1E7A4F7556}") = "BloodManagement.IService", "IService\BloodManagement.IService.csproj", "{7452AA08-2120-44BB-9847-940B82CE503E}"
EndProject
Project("{9A19103F-16F7-4668-BE54-9A1E7A4F7556}") = "BloodManagement.Service", "Service\BloodManagement.Service.csproj", "{56B10B65-7D8C-4C11-ABCF-36C3025FDE42}"
EndProject
Project("{9A19103F-16F7-4668-BE54-9A1E7A4F7556}") = "BloodManagement.Util", "BloodManagement.Util\BloodManagement.Util.csproj", "{0BB010E6-5FB7-4D93-8B6E-42836C93D67E}"
EndProject
Project("{9A19103F-16F7-4668-BE54-9A1E7A4F7556}") = "BloodManagement.ML", "BloodManagement.ML\BloodManagement.ML.csproj", "{B96C0C9D-B3DE-4FD8-9754-C8A2B43AED08}"
EndProject
Project("{8BC9CEB8-8B4A-11D0-8D11-00A0C91BC942}") = "BMCode", "BMCode\BMCode.vcxproj", "{3F8BC42F-9281-4F57-9542-EB7272C6FEE9}"
EndProject
Project("{8BC9CEB8-8B4A-11D0-8D11-00A0C91BC942}") = "CilDll", "CilDll\CilDll.vcxproj", "{AA412873-6196-47A2-8713-8B4DD302794C}"
EndProject
Project("{8BC9CEB8-8B4A-11D0-8D11-00A0C91BC942}") = "CodeDLL", "CodeDLL\CodeDLL.vcxproj", "{74AAF3C1-EED0-4988-842B-595239F02388}"
EndProject
Project("{FAE04EC0-301F-11D3-BF4B-00C04F79EFBC}") = "Redis", "Redis\Redis.csproj", "{FF0448AD-A55E-4294-A950-78850307593C}"
EndProject
Global
	GlobalSection(SolutionConfigurationPlatforms) = preSolution
		Debug|Any CPU = Debug|Any CPU
		Debug|x64 = Debug|x64
		Debug|x86 = Debug|x86
		Release|Any CPU = Release|Any CPU
		Release|x64 = Release|x64
		Release|x86 = Release|x86
	EndGlobalSection
	GlobalSection(ProjectConfigurationPlatforms) = postSolution
		{BE942233-8E15-4762-9779-812BE60087D5}.Debug|Any CPU.ActiveCfg = Debug|Any CPU
		{BE942233-8E15-4762-9779-812BE60087D5}.Debug|Any CPU.Build.0 = Debug|Any CPU
		{BE942233-8E15-4762-9779-812BE60087D5}.Debug|x64.ActiveCfg = Debug|Any CPU
		{BE942233-8E15-4762-9779-812BE60087D5}.Debug|x64.Build.0 = Debug|Any CPU
		{BE942233-8E15-4762-9779-812BE60087D5}.Debug|x86.ActiveCfg = Debug|Any CPU
		{BE942233-8E15-4762-9779-812BE60087D5}.Debug|x86.Build.0 = Debug|Any CPU
		{BE942233-8E15-4762-9779-812BE60087D5}.Release|Any CPU.ActiveCfg = Release|Any CPU
		{BE942233-8E15-4762-9779-812BE60087D5}.Release|Any CPU.Build.0 = Release|Any CPU
		{BE942233-8E15-4762-9779-812BE60087D5}.Release|x64.ActiveCfg = Release|Any CPU
		{BE942233-8E15-4762-9779-812BE60087D5}.Release|x64.Build.0 = Release|Any CPU
		{BE942233-8E15-4762-9779-812BE60087D5}.Release|x86.ActiveCfg = Release|Any CPU
		{BE942233-8E15-4762-9779-812BE60087D5}.Release|x86.Build.0 = Release|Any CPU
		{B6CF92EB-26D1-4A3D-BA71-E7E0D47030D4}.Debug|Any CPU.ActiveCfg = Debug|Any CPU
		{B6CF92EB-26D1-4A3D-BA71-E7E0D47030D4}.Debug|Any CPU.Build.0 = Debug|Any CPU
		{B6CF92EB-26D1-4A3D-BA71-E7E0D47030D4}.Debug|x64.ActiveCfg = Debug|Any CPU
		{B6CF92EB-26D1-4A3D-BA71-E7E0D47030D4}.Debug|x64.Build.0 = Debug|Any CPU
		{B6CF92EB-26D1-4A3D-BA71-E7E0D47030D4}.Debug|x86.ActiveCfg = Debug|Any CPU
		{B6CF92EB-26D1-4A3D-BA71-E7E0D47030D4}.Debug|x86.Build.0 = Debug|Any CPU
		{B6CF92EB-26D1-4A3D-BA71-E7E0D47030D4}.Release|Any CPU.ActiveCfg = Release|Any CPU
		{B6CF92EB-26D1-4A3D-BA71-E7E0D47030D4}.Release|Any CPU.Build.0 = Release|Any CPU
		{B6CF92EB-26D1-4A3D-BA71-E7E0D47030D4}.Release|x64.ActiveCfg = Release|Any CPU
		{B6CF92EB-26D1-4A3D-BA71-E7E0D47030D4}.Release|x64.Build.0 = Release|Any CPU
		{B6CF92EB-26D1-4A3D-BA71-E7E0D47030D4}.Release|x86.ActiveCfg = Release|Any CPU
		{B6CF92EB-26D1-4A3D-BA71-E7E0D47030D4}.Release|x86.Build.0 = Release|Any CPU
		{02049E56-B776-4560-9B55-4AE0F8A38FD2}.Debug|Any CPU.ActiveCfg = Debug|Any CPU
		{02049E56-B776-4560-9B55-4AE0F8A38FD2}.Debug|Any CPU.Build.0 = Debug|Any CPU
		{02049E56-B776-4560-9B55-4AE0F8A38FD2}.Debug|x64.ActiveCfg = Debug|Any CPU
		{02049E56-B776-4560-9B55-4AE0F8A38FD2}.Debug|x64.Build.0 = Debug|Any CPU
		{02049E56-B776-4560-9B55-4AE0F8A38FD2}.Debug|x86.ActiveCfg = Debug|Any CPU
		{02049E56-B776-4560-9B55-4AE0F8A38FD2}.Debug|x86.Build.0 = Debug|Any CPU
		{02049E56-B776-4560-9B55-4AE0F8A38FD2}.Release|Any CPU.ActiveCfg = Release|Any CPU
		{02049E56-B776-4560-9B55-4AE0F8A38FD2}.Release|Any CPU.Build.0 = Release|Any CPU
		{02049E56-B776-4560-9B55-4AE0F8A38FD2}.Release|x64.ActiveCfg = Release|Any CPU
		{02049E56-B776-4560-9B55-4AE0F8A38FD2}.Release|x64.Build.0 = Release|Any CPU
		{02049E56-B776-4560-9B55-4AE0F8A38FD2}.Release|x86.ActiveCfg = Release|Any CPU
		{02049E56-B776-4560-9B55-4AE0F8A38FD2}.Release|x86.Build.0 = Release|Any CPU
		{C567EF97-0FBD-4480-BFED-583F6966BE54}.Debug|Any CPU.ActiveCfg = Debug|Any CPU
		{C567EF97-0FBD-4480-BFED-583F6966BE54}.Debug|Any CPU.Build.0 = Debug|Any CPU
		{C567EF97-0FBD-4480-BFED-583F6966BE54}.Debug|x64.ActiveCfg = Debug|Any CPU
		{C567EF97-0FBD-4480-BFED-583F6966BE54}.Debug|x64.Build.0 = Debug|Any CPU
		{C567EF97-0FBD-4480-BFED-583F6966BE54}.Debug|x86.ActiveCfg = Debug|Any CPU
		{C567EF97-0FBD-4480-BFED-583F6966BE54}.Debug|x86.Build.0 = Debug|Any CPU
		{C567EF97-0FBD-4480-BFED-583F6966BE54}.Release|Any CPU.ActiveCfg = Release|Any CPU
		{C567EF97-0FBD-4480-BFED-583F6966BE54}.Release|Any CPU.Build.0 = Release|Any CPU
		{C567EF97-0FBD-4480-BFED-583F6966BE54}.Release|x64.ActiveCfg = Release|Any CPU
		{C567EF97-0FBD-4480-BFED-583F6966BE54}.Release|x64.Build.0 = Release|Any CPU
		{C567EF97-0FBD-4480-BFED-583F6966BE54}.Release|x86.ActiveCfg = Release|Any CPU
		{C567EF97-0FBD-4480-BFED-583F6966BE54}.Release|x86.Build.0 = Release|Any CPU
		{7452AA08-2120-44BB-9847-940B82CE503E}.Debug|Any CPU.ActiveCfg = Debug|Any CPU
		{7452AA08-2120-44BB-9847-940B82CE503E}.Debug|Any CPU.Build.0 = Debug|Any CPU
		{7452AA08-2120-44BB-9847-940B82CE503E}.Debug|x64.ActiveCfg = Debug|Any CPU
		{7452AA08-2120-44BB-9847-940B82CE503E}.Debug|x64.Build.0 = Debug|Any CPU
		{7452AA08-2120-44BB-9847-940B82CE503E}.Debug|x86.ActiveCfg = Debug|Any CPU
		{7452AA08-2120-44BB-9847-940B82CE503E}.Debug|x86.Build.0 = Debug|Any CPU
		{7452AA08-2120-44BB-9847-940B82CE503E}.Release|Any CPU.ActiveCfg = Release|Any CPU
		{7452AA08-2120-44BB-9847-940B82CE503E}.Release|Any CPU.Build.0 = Release|Any CPU
		{7452AA08-2120-44BB-9847-940B82CE503E}.Release|x64.ActiveCfg = Release|Any CPU
		{7452AA08-2120-44BB-9847-940B82CE503E}.Release|x64.Build.0 = Release|Any CPU
		{7452AA08-2120-44BB-9847-940B82CE503E}.Release|x86.ActiveCfg = Release|Any CPU
		{7452AA08-2120-44BB-9847-940B82CE503E}.Release|x86.Build.0 = Release|Any CPU
		{56B10B65-7D8C-4C11-ABCF-36C3025FDE42}.Debug|Any CPU.ActiveCfg = Debug|Any CPU
		{56B10B65-7D8C-4C11-ABCF-36C3025FDE42}.Debug|Any CPU.Build.0 = Debug|Any CPU
		{56B10B65-7D8C-4C11-ABCF-36C3025FDE42}.Debug|x64.ActiveCfg = Debug|Any CPU
		{56B10B65-7D8C-4C11-ABCF-36C3025FDE42}.Debug|x64.Build.0 = Debug|Any CPU
		{56B10B65-7D8C-4C11-ABCF-36C3025FDE42}.Debug|x86.ActiveCfg = Debug|Any CPU
		{56B10B65-7D8C-4C11-ABCF-36C3025FDE42}.Debug|x86.Build.0 = Debug|Any CPU
		{56B10B65-7D8C-4C11-ABCF-36C3025FDE42}.Release|Any CPU.ActiveCfg = Release|Any CPU
		{56B10B65-7D8C-4C11-ABCF-36C3025FDE42}.Release|Any CPU.Build.0 = Release|Any CPU
		{56B10B65-7D8C-4C11-ABCF-36C3025FDE42}.Release|x64.ActiveCfg = Release|Any CPU
		{56B10B65-7D8C-4C11-ABCF-36C3025FDE42}.Release|x64.Build.0 = Release|Any CPU
		{56B10B65-7D8C-4C11-ABCF-36C3025FDE42}.Release|x86.ActiveCfg = Release|Any CPU
		{56B10B65-7D8C-4C11-ABCF-36C3025FDE42}.Release|x86.Build.0 = Release|Any CPU
		{0BB010E6-5FB7-4D93-8B6E-42836C93D67E}.Debug|Any CPU.ActiveCfg = Debug|Any CPU
		{0BB010E6-5FB7-4D93-8B6E-42836C93D67E}.Debug|Any CPU.Build.0 = Debug|Any CPU
		{0BB010E6-5FB7-4D93-8B6E-42836C93D67E}.Debug|x64.ActiveCfg = Debug|Any CPU
		{0BB010E6-5FB7-4D93-8B6E-42836C93D67E}.Debug|x64.Build.0 = Debug|Any CPU
		{0BB010E6-5FB7-4D93-8B6E-42836C93D67E}.Debug|x86.ActiveCfg = Debug|Any CPU
		{0BB010E6-5FB7-4D93-8B6E-42836C93D67E}.Debug|x86.Build.0 = Debug|Any CPU
		{0BB010E6-5FB7-4D93-8B6E-42836C93D67E}.Release|Any CPU.ActiveCfg = Release|Any CPU
		{0BB010E6-5FB7-4D93-8B6E-42836C93D67E}.Release|Any CPU.Build.0 = Release|Any CPU
		{0BB010E6-5FB7-4D93-8B6E-42836C93D67E}.Release|x64.ActiveCfg = Release|Any CPU
		{0BB010E6-5FB7-4D93-8B6E-42836C93D67E}.Release|x64.Build.0 = Release|Any CPU
		{0BB010E6-5FB7-4D93-8B6E-42836C93D67E}.Release|x86.ActiveCfg = Release|Any CPU
		{0BB010E6-5FB7-4D93-8B6E-42836C93D67E}.Release|x86.Build.0 = Release|Any CPU
		{B96C0C9D-B3DE-4FD8-9754-C8A2B43AED08}.Debug|Any CPU.ActiveCfg = Debug|Any CPU
		{B96C0C9D-B3DE-4FD8-9754-C8A2B43AED08}.Debug|Any CPU.Build.0 = Debug|Any CPU
		{B96C0C9D-B3DE-4FD8-9754-C8A2B43AED08}.Debug|x64.ActiveCfg = Debug|Any CPU
		{B96C0C9D-B3DE-4FD8-9754-C8A2B43AED08}.Debug|x64.Build.0 = Debug|Any CPU
		{B96C0C9D-B3DE-4FD8-9754-C8A2B43AED08}.Debug|x86.ActiveCfg = Debug|Any CPU
		{B96C0C9D-B3DE-4FD8-9754-C8A2B43AED08}.Debug|x86.Build.0 = Debug|Any CPU
		{B96C0C9D-B3DE-4FD8-9754-C8A2B43AED08}.Release|Any CPU.ActiveCfg = Release|Any CPU
		{B96C0C9D-B3DE-4FD8-9754-C8A2B43AED08}.Release|Any CPU.Build.0 = Release|Any CPU
		{B96C0C9D-B3DE-4FD8-9754-C8A2B43AED08}.Release|x64.ActiveCfg = Release|Any CPU
		{B96C0C9D-B3DE-4FD8-9754-C8A2B43AED08}.Release|x64.Build.0 = Release|Any CPU
		{B96C0C9D-B3DE-4FD8-9754-C8A2B43AED08}.Release|x86.ActiveCfg = Release|Any CPU
		{B96C0C9D-B3DE-4FD8-9754-C8A2B43AED08}.Release|x86.Build.0 = Release|Any CPU
		{3F8BC42F-9281-4F57-9542-EB7272C6FEE9}.Debug|Any CPU.ActiveCfg = Debug|Win32
		{3F8BC42F-9281-4F57-9542-EB7272C6FEE9}.Debug|x64.ActiveCfg = Debug|x64
		{3F8BC42F-9281-4F57-9542-EB7272C6FEE9}.Debug|x64.Build.0 = Debug|x64
		{3F8BC42F-9281-4F57-9542-EB7272C6FEE9}.Debug|x86.ActiveCfg = Debug|Win32
		{3F8BC42F-9281-4F57-9542-EB7272C6FEE9}.Debug|x86.Build.0 = Debug|Win32
		{3F8BC42F-9281-4F57-9542-EB7272C6FEE9}.Release|Any CPU.ActiveCfg = Release|Win32
		{3F8BC42F-9281-4F57-9542-EB7272C6FEE9}.Release|x64.ActiveCfg = Release|x64
		{3F8BC42F-9281-4F57-9542-EB7272C6FEE9}.Release|x64.Build.0 = Release|x64
		{3F8BC42F-9281-4F57-9542-EB7272C6FEE9}.Release|x86.ActiveCfg = Release|Win32
		{3F8BC42F-9281-4F57-9542-EB7272C6FEE9}.Release|x86.Build.0 = Release|Win32
		{AA412873-6196-47A2-8713-8B4DD302794C}.Debug|Any CPU.ActiveCfg = Debug|Win32
		{AA412873-6196-47A2-8713-8B4DD302794C}.Debug|x64.ActiveCfg = Debug|x64
		{AA412873-6196-47A2-8713-8B4DD302794C}.Debug|x64.Build.0 = Debug|x64
		{AA412873-6196-47A2-8713-8B4DD302794C}.Debug|x86.ActiveCfg = Debug|Win32
		{AA412873-6196-47A2-8713-8B4DD302794C}.Debug|x86.Build.0 = Debug|Win32
		{AA412873-6196-47A2-8713-8B4DD302794C}.Release|Any CPU.ActiveCfg = Release|Win32
		{AA412873-6196-47A2-8713-8B4DD302794C}.Release|x64.ActiveCfg = Release|x64
		{AA412873-6196-47A2-8713-8B4DD302794C}.Release|x64.Build.0 = Release|x64
		{AA412873-6196-47A2-8713-8B4DD302794C}.Release|x86.ActiveCfg = Release|Win32
		{AA412873-6196-47A2-8713-8B4DD302794C}.Release|x86.Build.0 = Release|Win32
		{74AAF3C1-EED0-4988-842B-595239F02388}.Debug|Any CPU.ActiveCfg = Debug|Win32
		{74AAF3C1-EED0-4988-842B-595239F02388}.Debug|x64.ActiveCfg = Debug|x64
		{74AAF3C1-EED0-4988-842B-595239F02388}.Debug|x64.Build.0 = Debug|x64
		{74AAF3C1-EED0-4988-842B-595239F02388}.Debug|x86.ActiveCfg = Debug|Win32
		{74AAF3C1-EED0-4988-842B-595239F02388}.Debug|x86.Build.0 = Debug|Win32
		{74AAF3C1-EED0-4988-842B-595239F02388}.Release|Any CPU.ActiveCfg = Release|Win32
		{74AAF3C1-EED0-4988-842B-595239F02388}.Release|x64.ActiveCfg = Release|x64
		{74AAF3C1-EED0-4988-842B-595239F02388}.Release|x64.Build.0 = Release|x64
		{74AAF3C1-EED0-4988-842B-595239F02388}.Release|x86.ActiveCfg = Release|Win32
		{74AAF3C1-EED0-4988-842B-595239F02388}.Release|x86.Build.0 = Release|Win32
		{FF0448AD-A55E-4294-A950-78850307593C}.Debug|Any CPU.ActiveCfg = Debug|Any CPU
		{FF0448AD-A55E-4294-A950-78850307593C}.Debug|Any CPU.Build.0 = Debug|Any CPU
		{FF0448AD-A55E-4294-A950-78850307593C}.Debug|x64.ActiveCfg = Debug|Any CPU
		{FF0448AD-A55E-4294-A950-78850307593C}.Debug|x64.Build.0 = Debug|Any CPU
		{FF0448AD-A55E-4294-A950-78850307593C}.Debug|x86.ActiveCfg = Debug|Any CPU
		{FF0448AD-A55E-4294-A950-78850307593C}.Debug|x86.Build.0 = Debug|Any CPU
		{FF0448AD-A55E-4294-A950-78850307593C}.Release|Any CPU.ActiveCfg = Release|Any CPU
		{FF0448AD-A55E-4294-A950-78850307593C}.Release|Any CPU.Build.0 = Release|Any CPU
		{FF0448AD-A55E-4294-A950-78850307593C}.Release|x64.ActiveCfg = Release|Any CPU
		{FF0448AD-A55E-4294-A950-78850307593C}.Release|x64.Build.0 = Release|Any CPU
		{FF0448AD-A55E-4294-A950-78850307593C}.Release|x86.ActiveCfg = Release|Any CPU
		{FF0448AD-A55E-4294-A950-78850307593C}.Release|x86.Build.0 = Release|Any CPU
	EndGlobalSection
	GlobalSection(SolutionProperties) = preSolution
		HideSolutionNode = FALSE
	EndGlobalSection
	GlobalSection(ExtensibilityGlobals) = postSolution
		SolutionGuid = {EEAEFCF9-B597-445B-B9DC-0D5F9029B135}
	EndGlobalSection
EndGlobal
